
Microsoft Visual Studio Solution File, Format Version 12.00
# Visual Studio Version 17
VisualStudioVersion = 17.8.34330.188
MinimumVisualStudioVersion = 10.0.40219.1
Project("{2150E333-8FDC-42A3-9474-1A3956D46DE8}") = "Gateway", "Gateway", "{83D8C1A8-B1BA-40F6-8609-99E8A300FEA3}"
EndProject
Project("{2150E333-8FDC-42A3-9474-1A3956D46DE8}") = "Integrations", "Integrations", "{99E1BCD8-A1D5-4E09-944D-2CD0D9C3259E}"
EndProject
Project("{2150E333-8FDC-42A3-9474-1A3956D46DE8}") = "Services", "Services", "{9468A39C-C5F8-4A2B-8FDE-4F257C9952C8}"
EndProject
Project("{2150E333-8FDC-42A3-9474-1A3956D46DE8}") = "FrontEnd", "FrontEnd", "{0F06E1CE-DE4C-4FB5-9F08-D1D53C2A07C1}"
EndProject
Project("{9A19103F-16F7-4668-BE54-9A1E7A4F7556}") = "FoodBazar.Services.CouponApi", "FoodBazar.Services.CouponApi\FoodBazar.Services.CouponApi.csproj", "{5589428A-BC1F-41E8-9A3F-6312DB4B8B0B}"
EndProject
Project("{9A19103F-16F7-4668-BE54-9A1E7A4F7556}") = "FoodBazar.Web", "FoodBazar.Web\FoodBazar.Web.csproj", "{61CF7A98-7BFA-466B-9E38-E9755B234444}"
EndProject
Project("{9A19103F-16F7-4668-BE54-9A1E7A4F7556}") = "FoodBazar.Services.AuthApi", "FoodBazar.Services.AuthApi\FoodBazar.Services.AuthApi.csproj", "{906A37AB-881B-48E9-872D-BC632A73EA81}"
EndProject
Project("{9A19103F-16F7-4668-BE54-9A1E7A4F7556}") = "FoodBazar.Services.Product", "FoodBazar.Services.Product\FoodBazar.Services.Product.csproj", "{BCCC9775-A007-4A2D-A5F3-5D42A83AD644}"
EndProject
Project("{9A19103F-16F7-4668-BE54-9A1E7A4F7556}") = "FoodBazar.Services.ShoppingCartApi", "FoodBazar.Services.ShoppingCartApi\FoodBazar.Services.ShoppingCartApi.csproj", "{51300996-6741-4119-BF41-B7BDCF3651CF}"
EndProject
Project("{9A19103F-16F7-4668-BE54-9A1E7A4F7556}") = "foodBazar.MessageBus", "foodBazar.MessageBus\foodBazar.MessageBus.csproj", "{1B81D75F-0AE6-4547-90CB-F9D11F37AC59}"
EndProject
Project("{9A19103F-16F7-4668-BE54-9A1E7A4F7556}") = "foodBazar.Services.EmailApi", "foodBazar.Services.EmailApi\foodBazar.Services.EmailApi.csproj", "{926649BE-FB2F-4CFB-B71F-A41AA4E4F3B5}"
EndProject
Project("{9A19103F-16F7-4668-BE54-9A1E7A4F7556}") = "FoodBazar.Services.OrderApi", "FoodBazar.Services.OrderApi\FoodBazar.Services.OrderApi.csproj", "{A6C85718-1EFE-4DB0-AECA-D91D1DE08AD7}"
EndProject
Project("{FAE04EC0-301F-11D3-BF4B-00C04F79EFBC}") = "FoodBazar.Services.RewardsApi", "FoodBazar.Services.RewardsApi\FoodBazar.Services.RewardsApi.csproj", "{4491737D-FEC6-4AC1-833D-170F7EA862E1}"
EndProject
Global
	GlobalSection(SolutionConfigurationPlatforms) = preSolution
		Debug|Any CPU = Debug|Any CPU
		Release|Any CPU = Release|Any CPU
	EndGlobalSection
	GlobalSection(ProjectConfigurationPlatforms) = postSolution
		{5589428A-BC1F-41E8-9A3F-6312DB4B8B0B}.Debug|Any CPU.ActiveCfg = Debug|Any CPU
		{5589428A-BC1F-41E8-9A3F-6312DB4B8B0B}.Debug|Any CPU.Build.0 = Debug|Any CPU
		{5589428A-BC1F-41E8-9A3F-6312DB4B8B0B}.Release|Any CPU.ActiveCfg = Release|Any CPU
		{5589428A-BC1F-41E8-9A3F-6312DB4B8B0B}.Release|Any CPU.Build.0 = Release|Any CPU
		{61CF7A98-7BFA-466B-9E38-E9755B234444}.Debug|Any CPU.ActiveCfg = Debug|Any CPU
		{61CF7A98-7BFA-466B-9E38-E9755B234444}.Debug|Any CPU.Build.0 = Debug|Any CPU
		{61CF7A98-7BFA-466B-9E38-E9755B234444}.Release|Any CPU.ActiveCfg = Release|Any CPU
		{61CF7A98-7BFA-466B-9E38-E9755B234444}.Release|Any CPU.Build.0 = Release|Any CPU
		{906A37AB-881B-48E9-872D-BC632A73EA81}.Debug|Any CPU.ActiveCfg = Debug|Any CPU
		{906A37AB-881B-48E9-872D-BC632A73EA81}.Debug|Any CPU.Build.0 = Debug|Any CPU
		{906A37AB-881B-48E9-872D-BC632A73EA81}.Release|Any CPU.ActiveCfg = Release|Any CPU
		{906A37AB-881B-48E9-872D-BC632A73EA81}.Release|Any CPU.Build.0 = Release|Any CPU
		{BCCC9775-A007-4A2D-A5F3-5D42A83AD644}.Debug|Any CPU.ActiveCfg = Debug|Any CPU
		{BCCC9775-A007-4A2D-A5F3-5D42A83AD644}.Debug|Any CPU.Build.0 = Debug|Any CPU
		{BCCC9775-A007-4A2D-A5F3-5D42A83AD644}.Release|Any CPU.ActiveCfg = Release|Any CPU
		{BCCC9775-A007-4A2D-A5F3-5D42A83AD644}.Release|Any CPU.Build.0 = Release|Any CPU
		{51300996-6741-4119-BF41-B7BDCF3651CF}.Debug|Any CPU.ActiveCfg = Debug|Any CPU
		{51300996-6741-4119-BF41-B7BDCF3651CF}.Debug|Any CPU.Build.0 = Debug|Any CPU
		{51300996-6741-4119-BF41-B7BDCF3651CF}.Release|Any CPU.ActiveCfg = Release|Any CPU
		{51300996-6741-4119-BF41-B7BDCF3651CF}.Release|Any CPU.Build.0 = Release|Any CPU
		{1B81D75F-0AE6-4547-90CB-F9D11F37AC59}.Debug|Any CPU.ActiveCfg = Debug|Any CPU
		{1B81D75F-0AE6-4547-90CB-F9D11F37AC59}.Debug|Any CPU.Build.0 = Debug|Any CPU
		{1B81D75F-0AE6-4547-90CB-F9D11F37AC59}.Release|Any CPU.ActiveCfg = Release|Any CPU
		{1B81D75F-0AE6-4547-90CB-F9D11F37AC59}.Release|Any CPU.Build.0 = Release|Any CPU
		{926649BE-FB2F-4CFB-B71F-A41AA4E4F3B5}.Debug|Any CPU.ActiveCfg = Debug|Any CPU
		{926649BE-FB2F-4CFB-B71F-A41AA4E4F3B5}.Debug|Any CPU.Build.0 = Debug|Any CPU
		{926649BE-FB2F-4CFB-B71F-A41AA4E4F3B5}.Release|Any CPU.ActiveCfg = Release|Any CPU
		{926649BE-FB2F-4CFB-B71F-A41AA4E4F3B5}.Release|Any CPU.Build.0 = Release|Any CPU
		{A6C85718-1EFE-4DB0-AECA-D91D1DE08AD7}.Debug|Any CPU.ActiveCfg = Debug|Any CPU
		{A6C85718-1EFE-4DB0-AECA-D91D1DE08AD7}.Debug|Any CPU.Build.0 = Debug|Any CPU
		{A6C85718-1EFE-4DB0-AECA-D91D1DE08AD7}.Release|Any CPU.ActiveCfg = Release|Any CPU
		{A6C85718-1EFE-4DB0-AECA-D91D1DE08AD7}.Release|Any CPU.Build.0 = Release|Any CPU
		{4491737D-FEC6-4AC1-833D-170F7EA862E1}.Debug|Any CPU.ActiveCfg = Debug|Any CPU
		{4491737D-FEC6-4AC1-833D-170F7EA862E1}.Debug|Any CPU.Build.0 = Debug|Any CPU
		{4491737D-FEC6-4AC1-833D-170F7EA862E1}.Release|Any CPU.ActiveCfg = Release|Any CPU
		{4491737D-FEC6-4AC1-833D-170F7EA862E1}.Release|Any CPU.Build.0 = Release|Any CPU
	EndGlobalSection
	GlobalSection(SolutionProperties) = preSolution
		HideSolutionNode = FALSE
	EndGlobalSection
	GlobalSection(NestedProjects) = preSolution
		{5589428A-BC1F-41E8-9A3F-6312DB4B8B0B} = {9468A39C-C5F8-4A2B-8FDE-4F257C9952C8}
		{61CF7A98-7BFA-466B-9E38-E9755B234444} = {0F06E1CE-DE4C-4FB5-9F08-D1D53C2A07C1}
		{906A37AB-881B-48E9-872D-BC632A73EA81} = {9468A39C-C5F8-4A2B-8FDE-4F257C9952C8}
		{BCCC9775-A007-4A2D-A5F3-5D42A83AD644} = {9468A39C-C5F8-4A2B-8FDE-4F257C9952C8}
		{51300996-6741-4119-BF41-B7BDCF3651CF} = {9468A39C-C5F8-4A2B-8FDE-4F257C9952C8}
		{1B81D75F-0AE6-4547-90CB-F9D11F37AC59} = {99E1BCD8-A1D5-4E09-944D-2CD0D9C3259E}
		{926649BE-FB2F-4CFB-B71F-A41AA4E4F3B5} = {9468A39C-C5F8-4A2B-8FDE-4F257C9952C8}
		{A6C85718-1EFE-4DB0-AECA-D91D1DE08AD7} = {9468A39C-C5F8-4A2B-8FDE-4F257C9952C8}
		{4491737D-FEC6-4AC1-833D-170F7EA862E1} = {9468A39C-C5F8-4A2B-8FDE-4F257C9952C8}
	EndGlobalSection
	GlobalSection(ExtensibilityGlobals) = postSolution
		SolutionGuid = {AE41E89D-0554-4B8A-8C9F-D80D458D0B91}
	EndGlobalSection
EndGlobal
